# Prisma Migrate lockfile v1

20201003162526-init
20201010193500-init
20201122205513-added-visibility
20201222155338-end-date-optional
20210101155805-added-index-to-answer
20210110134516-password---tags
20210110175357-added-voter-email-and-removed-poll-passwords
20210110175845-added-deleted-date-to-poll
20210114183645-voter-ip-optional
20210114191433-picture-and-name-for-voter
20210119213120-added-pending-forgotten-password-pending-email
20210120213446-added-id
20210123173216-deleted-votes
20210123173301-added-votes-as-int-array